# This file is automatically @generated by Cargo.
# It is not intended for manual editing.
version = 4

[[package]]
name = "pensieve-core"
version = "0.1.0"

[[package]]
name = "pensieve-ingest"
version = "0.1.0"

[[package]]
name = "pensieve-observe"
version = "0.1.0"

[[package]]
name = "pensieve-serve"
version = "0.1.0"
